
Microsoft Visual Studio Solution File, Format Version 12.00
# Visual Studio Version 16
VisualStudioVersion = 16.0.32802.440
MinimumVisualStudioVersion = 10.0.40219.1
Project("{FAE04EC0-301F-11D3-BF4B-00C04F79EFBC}") = "countdown_timer", "countdown_timer.csproj", "{8276954D-20ED-4215-AB8B-D88A322FA33C}"
EndProject
Global
	GlobalSection(SolutionConfigurationPlatforms) = preSolution
		Debug|Any CPU = Debug|Any CPU
		Release|Any CPU = Release|Any CPU
	EndGlobalSection
	GlobalSection(ProjectConfigurationPlatforms) = postSolution
		{8276954D-20ED-4215-AB8B-D88A322FA33C}.Debug|Any CPU.ActiveCfg = Debug|Any CPU
		{8276954D-20ED-4215-AB8B-D88A322FA33C}.Debug|Any CPU.Build.0 = Debug|Any CPU
		{8276954D-20ED-4215-AB8B-D88A322FA33C}.Release|Any CPU.ActiveCfg = Release|Any CPU
		{8276954D-20ED-4215-AB8B-D88A322FA33C}.Release|Any CPU.Build.0 = Release|Any CPU
	EndGlobalSection
	GlobalSection(SolutionProperties) = preSolution
		HideSolutionNode = FALSE
	EndGlobalSection
	GlobalSection(ExtensibilityGlobals) = postSolution
		SolutionGuid = {F814858A-0E1F-4382-A13E-0043BC459AE8}
	EndGlobalSection
EndGlobal
